
Microsoft Visual Studio Solution File, Format Version 12.00
# Visual Studio Version 17
VisualStudioVersion = 17.9.34728.123
MinimumVisualStudioVersion = 10.0.40219.1
Project("{FAE04EC0-301F-11D3-BF4B-00C04F79EFBC}") = "Arena_Game_Homework", "Arena_Game_Homework.csproj", "{DFAA36CF-6D2F-46A3-8A5B-1416E7A3A013}"
EndProject
Global
	GlobalSection(SolutionConfigurationPlatforms) = preSolution
		Debug|Any CPU = Debug|Any CPU
		Release|Any CPU = Release|Any CPU
	EndGlobalSection
	GlobalSection(ProjectConfigurationPlatforms) = postSolution
		{DFAA36CF-6D2F-46A3-8A5B-1416E7A3A013}.Debug|Any CPU.ActiveCfg = Debug|Any CPU
		{DFAA36CF-6D2F-46A3-8A5B-1416E7A3A013}.Debug|Any CPU.Build.0 = Debug|Any CPU
		{DFAA36CF-6D2F-46A3-8A5B-1416E7A3A013}.Release|Any CPU.ActiveCfg = Release|Any CPU
		{DFAA36CF-6D2F-46A3-8A5B-1416E7A3A013}.Release|Any CPU.Build.0 = Release|Any CPU
	EndGlobalSection
	GlobalSection(SolutionProperties) = preSolution
		HideSolutionNode = FALSE
	EndGlobalSection
	GlobalSection(ExtensibilityGlobals) = postSolution
		SolutionGuid = {6B63766B-49B3-4FA2-8B0D-822556E16933}
	EndGlobalSection
EndGlobal
